// !$*UTF8*$!
{
	archiveVersion = 1;
	classes = {
	};
	objectVersion = 46;
	objects = {

/* Begin PBXBuildFile section */
		04061D411EC6664500E5A1D0 /* EditCarTableViewController.swift in Sources */ = {isa = PBXBuildFile; fileRef = 04061D401EC6664500E5A1D0 /* EditCarTableViewController.swift */; };
		0472C7F61F020815000D4314 /* LoginTextField.swift in Sources */ = {isa = PBXBuildFile; fileRef = 0472C7F51F020815000D4314 /* LoginTextField.swift */; };
		049DB41C1F029BDA00060916 /* AACameraView+Global.swift in Sources */ = {isa = PBXBuildFile; fileRef = 049DB4191F029BDA00060916 /* AACameraView+Global.swift */; };
		049DB41D1F029BDA00060916 /* AACameraView+Helper.swift in Sources */ = {isa = PBXBuildFile; fileRef = 049DB41A1F029BDA00060916 /* AACameraView+Helper.swift */; };
		049DB41E1F029BDA00060916 /* AACameraView.swift in Sources */ = {isa = PBXBuildFile; fileRef = 049DB41B1F029BDA00060916 /* AACameraView.swift */; };
		04A130FC1EFF901D00FAB4B1 /* CustomPointAnnotation.swift in Sources */ = {isa = PBXBuildFile; fileRef = 04A130FB1EFF901D00FAB4B1 /* CustomPointAnnotation.swift */; };
		04C722341EC3F3280090C7D9 /* UserModel.swift in Sources */ = {isa = PBXBuildFile; fileRef = 04C722331EC3F3280090C7D9 /* UserModel.swift */; };
		04F0FE521EFC0DEC007BF042 /* TestLocations.gpx in Resources */ = {isa = PBXBuildFile; fileRef = 04F0FE511EFC0DEC007BF042 /* TestLocations.gpx */; };
		04F3906F1EC290EF0070469F /* MyDriveCell.swift in Sources */ = {isa = PBXBuildFile; fileRef = 04F3906E1EC290EE0070469F /* MyDriveCell.swift */; };
		04F4C9ED1F1A5EBF00543806 /* Disclaimer.xib in Resources */ = {isa = PBXBuildFile; fileRef = 04F4C9EB1F1A5EBF00543806 /* Disclaimer.xib */; };
		04F4C9EE1F1A5EBF00543806 /* DisclaimerView.swift in Sources */ = {isa = PBXBuildFile; fileRef = 04F4C9EC1F1A5EBF00543806 /* DisclaimerView.swift */; };
		1E02EB901EA987B200DD4647 /* DriveMapStartViewController.swift in Sources */ = {isa = PBXBuildFile; fileRef = 1E02EB8F1EA987B200DD4647 /* DriveMapStartViewController.swift */; };
		1E0D2E1A1EAE430900401DDA /* WebserviceUtil.swift in Sources */ = {isa = PBXBuildFile; fileRef = 1E0D2E191EAE430900401DDA /* WebserviceUtil.swift */; };
		1E0D2E1D1EAE437C00401DDA /* URLConstant.swift in Sources */ = {isa = PBXBuildFile; fileRef = 1E0D2E1C1EAE437C00401DDA /* URLConstant.swift */; };
		1E0D2E1F1EAE44A100401DDA /* ResponseConstant.swift in Sources */ = {isa = PBXBuildFile; fileRef = 1E0D2E1E1EAE44A100401DDA /* ResponseConstant.swift */; };
		1E3027931EA68D29004B7914 /* CommentsViewController.swift in Sources */ = {isa = PBXBuildFile; fileRef = 1E3027921EA68D29004B7914 /* CommentsViewController.swift */; };
		1E4BC9B01EAA749900386150 /* SaveDriveTableViewController.swift in Sources */ = {isa = PBXBuildFile; fileRef = 1E4BC9AF1EAA749900386150 /* SaveDriveTableViewController.swift */; };
		1E4BC9B31EAA81E800386150 /* DateExtension.swift in Sources */ = {isa = PBXBuildFile; fileRef = 1E4BC9B21EAA81E800386150 /* DateExtension.swift */; };
		1E4BC9B51EAAA9E400386150 /* Constant.swift in Sources */ = {isa = PBXBuildFile; fileRef = 1E4BC9B41EAAA9E400386150 /* Constant.swift */; };
		1E4C49FF1EA6920200D8FA92 /* PreferenceUtil.swift in Sources */ = {isa = PBXBuildFile; fileRef = 1E4C49FC1EA6920200D8FA92 /* PreferenceUtil.swift */; };
		1E4C4A001EA6920200D8FA92 /* UIUtil.swift in Sources */ = {isa = PBXBuildFile; fileRef = 1E4C49FD1EA6920200D8FA92 /* UIUtil.swift */; };
		1E4C4A011EA6920200D8FA92 /* ValidationUtil.swift in Sources */ = {isa = PBXBuildFile; fileRef = 1E4C49FE1EA6920200D8FA92 /* ValidationUtil.swift */; };
		1E4C4A031EA69A9500D8FA92 /* CommentCell.swift in Sources */ = {isa = PBXBuildFile; fileRef = 1E4C4A021EA69A9500D8FA92 /* CommentCell.swift */; };
		1E4C4A051EA6A41100D8FA92 /* VideoViewController.swift in Sources */ = {isa = PBXBuildFile; fileRef = 1E4C4A041EA6A41100D8FA92 /* VideoViewController.swift */; };
		1EA7E5731EB3BEF400C2DCBB /* MyCarCell.swift in Sources */ = {isa = PBXBuildFile; fileRef = 1EA7E5721EB3BEF400C2DCBB /* MyCarCell.swift */; };
		1ECFBCB51EA81609003EFBC0 /* SearchResultsViewController.swift in Sources */ = {isa = PBXBuildFile; fileRef = 1ECFBCB41EA81609003EFBC0 /* SearchResultsViewController.swift */; };
		1ECFBCB71EA81CFE003EFBC0 /* DriveDetailViewController.swift in Sources */ = {isa = PBXBuildFile; fileRef = 1ECFBCB61EA81CFE003EFBC0 /* DriveDetailViewController.swift */; };
		1EF5B7A01EA4DEE700C16F99 /* AppDelegate.swift in Sources */ = {isa = PBXBuildFile; fileRef = 1EF5B79F1EA4DEE700C16F99 /* AppDelegate.swift */; };
		1EF5B7A51EA4DEE700C16F99 /* Main.storyboard in Resources */ = {isa = PBXBuildFile; fileRef = 1EF5B7A31EA4DEE700C16F99 /* Main.storyboard */; };
		1EF5B7A71EA4DEE700C16F99 /* Assets.xcassets in Resources */ = {isa = PBXBuildFile; fileRef = 1EF5B7A61EA4DEE700C16F99 /* Assets.xcassets */; };
		1EF5B7AA1EA4DEE700C16F99 /* LaunchScreen.storyboard in Resources */ = {isa = PBXBuildFile; fileRef = 1EF5B7A81EA4DEE700C16F99 /* LaunchScreen.storyboard */; };
		1EF5B7B51EA4F5E800C16F99 /* LoginViewController.swift in Sources */ = {isa = PBXBuildFile; fileRef = 1EF5B7B41EA4F5E800C16F99 /* LoginViewController.swift */; };
		1EF5B7B71EA5008F00C16F99 /* RegisterViewController.swift in Sources */ = {isa = PBXBuildFile; fileRef = 1EF5B7B61EA5008F00C16F99 /* RegisterViewController.swift */; };
		1EF5B7B91EA51D3800C16F99 /* MyFeedViewController.swift in Sources */ = {isa = PBXBuildFile; fileRef = 1EF5B7B81EA51D3800C16F99 /* MyFeedViewController.swift */; };
		1EF5B7BB1EA51D5B00C16F99 /* MyFeedCell.swift in Sources */ = {isa = PBXBuildFile; fileRef = 1EF5B7BA1EA51D5B00C16F99 /* MyFeedCell.swift */; };
		1EF5B7BE1EA5261200C16F99 /* DriveViewController.swift in Sources */ = {isa = PBXBuildFile; fileRef = 1EF5B7BD1EA5261200C16F99 /* DriveViewController.swift */; };
		1EF5B7C01EA5262A00C16F99 /* ExploreViewController.swift in Sources */ = {isa = PBXBuildFile; fileRef = 1EF5B7BF1EA5262A00C16F99 /* ExploreViewController.swift */; };
		1EF5B7C21EA5263800C16F99 /* ProfileViewController.swift in Sources */ = {isa = PBXBuildFile; fileRef = 1EF5B7C11EA5263800C16F99 /* ProfileViewController.swift */; };
		1EF946191EA97763005B3A50 /* AddCarTableViewController.swift in Sources */ = {isa = PBXBuildFile; fileRef = 1EF946181EA97763005B3A50 /* AddCarTableViewController.swift */; };
		B6F8A67094D7EEA579B2B81D /* Pods_DriveLine.framework in Frameworks */ = {isa = PBXBuildFile; fileRef = 4E4C9FE6F1541E22E5BB112B /* Pods_DriveLine.framework */; };
/* End PBXBuildFile section */

/* Begin PBXFileReference section */
		00DB8F239DD55D635EC64D7D /* Pods-DriveLine.release.xcconfig */ = {isa = PBXFileReference; includeInIndex = 1; lastKnownFileType = text.xcconfig; name = "Pods-DriveLine.release.xcconfig"; path = "Pods/Target Support Files/Pods-DriveLine/Pods-DriveLine.release.xcconfig"; sourceTree = "<group>"; };
		04061D401EC6664500E5A1D0 /* EditCarTableViewController.swift */ = {isa = PBXFileReference; fileEncoding = 4; lastKnownFileType = sourcecode.swift; path = EditCarTableViewController.swift; sourceTree = "<group>"; };
		0472C7F51F020815000D4314 /* LoginTextField.swift */ = {isa = PBXFileReference; fileEncoding = 4; lastKnownFileType = sourcecode.swift; path = LoginTextField.swift; sourceTree = "<group>"; };
		049DB4191F029BDA00060916 /* AACameraView+Global.swift */ = {isa = PBXFileReference; fileEncoding = 4; lastKnownFileType = sourcecode.swift; path = "AACameraView+Global.swift"; sourceTree = "<group>"; };
		049DB41A1F029BDA00060916 /* AACameraView+Helper.swift */ = {isa = PBXFileReference; fileEncoding = 4; lastKnownFileType = sourcecode.swift; path = "AACameraView+Helper.swift"; sourceTree = "<group>"; };
		049DB41B1F029BDA00060916 /* AACameraView.swift */ = {isa = PBXFileReference; fileEncoding = 4; lastKnownFileType = sourcecode.swift; path = AACameraView.swift; sourceTree = "<group>"; };
		04A130FB1EFF901D00FAB4B1 /* CustomPointAnnotation.swift */ = {isa = PBXFileReference; fileEncoding = 4; lastKnownFileType = sourcecode.swift; path = CustomPointAnnotation.swift; sourceTree = "<group>"; };
		04C722331EC3F3280090C7D9 /* UserModel.swift */ = {isa = PBXFileReference; fileEncoding = 4; lastKnownFileType = sourcecode.swift; path = UserModel.swift; sourceTree = "<group>"; };
		04F0FE511EFC0DEC007BF042 /* TestLocations.gpx */ = {isa = PBXFileReference; fileEncoding = 4; lastKnownFileType = text.xml; name = TestLocations.gpx; path = ../../../TestLocations.gpx; sourceTree = "<group>"; };
		04F3906E1EC290EE0070469F /* MyDriveCell.swift */ = {isa = PBXFileReference; fileEncoding = 4; lastKnownFileType = sourcecode.swift; path = MyDriveCell.swift; sourceTree = "<group>"; };
		04F4C9EB1F1A5EBF00543806 /* Disclaimer.xib */ = {isa = PBXFileReference; fileEncoding = 4; lastKnownFileType = file.xib; path = Disclaimer.xib; sourceTree = "<group>"; };
		04F4C9EC1F1A5EBF00543806 /* DisclaimerView.swift */ = {isa = PBXFileReference; fileEncoding = 4; lastKnownFileType = sourcecode.swift; path = DisclaimerView.swift; sourceTree = "<group>"; };
		1E02EB8F1EA987B200DD4647 /* DriveMapStartViewController.swift */ = {isa = PBXFileReference; fileEncoding = 4; lastKnownFileType = sourcecode.swift; path = DriveMapStartViewController.swift; sourceTree = "<group>"; };
		1E0D2E191EAE430900401DDA /* WebserviceUtil.swift */ = {isa = PBXFileReference; fileEncoding = 4; lastKnownFileType = sourcecode.swift; path = WebserviceUtil.swift; sourceTree = "<group>"; };
		1E0D2E1C1EAE437C00401DDA /* URLConstant.swift */ = {isa = PBXFileReference; fileEncoding = 4; lastKnownFileType = sourcecode.swift; path = URLConstant.swift; sourceTree = "<group>"; };
		1E0D2E1E1EAE44A100401DDA /* ResponseConstant.swift */ = {isa = PBXFileReference; fileEncoding = 4; lastKnownFileType = sourcecode.swift; path = ResponseConstant.swift; sourceTree = "<group>"; };
		1E3027921EA68D29004B7914 /* CommentsViewController.swift */ = {isa = PBXFileReference; fileEncoding = 4; lastKnownFileType = sourcecode.swift; path = CommentsViewController.swift; sourceTree = "<group>"; };
		1E4BC9AF1EAA749900386150 /* SaveDriveTableViewController.swift */ = {isa = PBXFileReference; fileEncoding = 4; lastKnownFileType = sourcecode.swift; path = SaveDriveTableViewController.swift; sourceTree = "<group>"; };
		1E4BC9B21EAA81E800386150 /* DateExtension.swift */ = {isa = PBXFileReference; fileEncoding = 4; lastKnownFileType = sourcecode.swift; path = DateExtension.swift; sourceTree = "<group>"; };
		1E4BC9B41EAAA9E400386150 /* Constant.swift */ = {isa = PBXFileReference; fileEncoding = 4; lastKnownFileType = sourcecode.swift; path = Constant.swift; sourceTree = "<group>"; };
		1E4C49FC1EA6920200D8FA92 /* PreferenceUtil.swift */ = {isa = PBXFileReference; fileEncoding = 4; lastKnownFileType = sourcecode.swift; path = PreferenceUtil.swift; sourceTree = "<group>"; };
		1E4C49FD1EA6920200D8FA92 /* UIUtil.swift */ = {isa = PBXFileReference; fileEncoding = 4; lastKnownFileType = sourcecode.swift; path = UIUtil.swift; sourceTree = "<group>"; };
		1E4C49FE1EA6920200D8FA92 /* ValidationUtil.swift */ = {isa = PBXFileReference; fileEncoding = 4; lastKnownFileType = sourcecode.swift; path = ValidationUtil.swift; sourceTree = "<group>"; };
		1E4C4A021EA69A9500D8FA92 /* CommentCell.swift */ = {isa = PBXFileReference; fileEncoding = 4; lastKnownFileType = sourcecode.swift; path = CommentCell.swift; sourceTree = "<group>"; };
		1E4C4A041EA6A41100D8FA92 /* VideoViewController.swift */ = {isa = PBXFileReference; fileEncoding = 4; lastKnownFileType = sourcecode.swift; path = VideoViewController.swift; sourceTree = "<group>"; };
		1EA7E5721EB3BEF400C2DCBB /* MyCarCell.swift */ = {isa = PBXFileReference; fileEncoding = 4; lastKnownFileType = sourcecode.swift; path = MyCarCell.swift; sourceTree = "<group>"; };
		1ECFBCB41EA81609003EFBC0 /* SearchResultsViewController.swift */ = {isa = PBXFileReference; fileEncoding = 4; lastKnownFileType = sourcecode.swift; path = SearchResultsViewController.swift; sourceTree = "<group>"; };
		1ECFBCB61EA81CFE003EFBC0 /* DriveDetailViewController.swift */ = {isa = PBXFileReference; fileEncoding = 4; lastKnownFileType = sourcecode.swift; path = DriveDetailViewController.swift; sourceTree = "<group>"; };
		1EF5B79C1EA4DEE700C16F99 /* DriveLine.app */ = {isa = PBXFileReference; explicitFileType = wrapper.application; includeInIndex = 0; path = DriveLine.app; sourceTree = BUILT_PRODUCTS_DIR; };
		1EF5B79F1EA4DEE700C16F99 /* AppDelegate.swift */ = {isa = PBXFileReference; lastKnownFileType = sourcecode.swift; path = AppDelegate.swift; sourceTree = "<group>"; };
		1EF5B7A41EA4DEE700C16F99 /* Base */ = {isa = PBXFileReference; lastKnownFileType = file.storyboard; name = Base; path = Base.lproj/Main.storyboard; sourceTree = "<group>"; };
		1EF5B7A61EA4DEE700C16F99 /* Assets.xcassets */ = {isa = PBXFileReference; lastKnownFileType = folder.assetcatalog; path = Assets.xcassets; sourceTree = "<group>"; };
		1EF5B7A91EA4DEE700C16F99 /* Base */ = {isa = PBXFileReference; lastKnownFileType = file.storyboard; name = Base; path = Base.lproj/LaunchScreen.storyboard; sourceTree = "<group>"; };
		1EF5B7AB1EA4DEE700C16F99 /* Info.plist */ = {isa = PBXFileReference; lastKnownFileType = text.plist.xml; path = Info.plist; sourceTree = "<group>"; };
		1EF5B7B41EA4F5E800C16F99 /* LoginViewController.swift */ = {isa = PBXFileReference; fileEncoding = 4; lastKnownFileType = sourcecode.swift; path = LoginViewController.swift; sourceTree = "<group>"; };
		1EF5B7B61EA5008F00C16F99 /* RegisterViewController.swift */ = {isa = PBXFileReference; fileEncoding = 4; lastKnownFileType = sourcecode.swift; path = RegisterViewController.swift; sourceTree = "<group>"; };
		1EF5B7B81EA51D3800C16F99 /* MyFeedViewController.swift */ = {isa = PBXFileReference; fileEncoding = 4; lastKnownFileType = sourcecode.swift; path = MyFeedViewController.swift; sourceTree = "<group>"; };
		1EF5B7BA1EA51D5B00C16F99 /* MyFeedCell.swift */ = {isa = PBXFileReference; fileEncoding = 4; lastKnownFileType = sourcecode.swift; path = MyFeedCell.swift; sourceTree = "<group>"; };
		1EF5B7BD1EA5261200C16F99 /* DriveViewController.swift */ = {isa = PBXFileReference; fileEncoding = 4; lastKnownFileType = sourcecode.swift; path = DriveViewController.swift; sourceTree = "<group>"; };
		1EF5B7BF1EA5262A00C16F99 /* ExploreViewController.swift */ = {isa = PBXFileReference; fileEncoding = 4; lastKnownFileType = sourcecode.swift; path = ExploreViewController.swift; sourceTree = "<group>"; };
		1EF5B7C11EA5263800C16F99 /* ProfileViewController.swift */ = {isa = PBXFileReference; fileEncoding = 4; lastKnownFileType = sourcecode.swift; path = ProfileViewController.swift; sourceTree = "<group>"; };
		1EF946181EA97763005B3A50 /* AddCarTableViewController.swift */ = {isa = PBXFileReference; fileEncoding = 4; lastKnownFileType = sourcecode.swift; path = AddCarTableViewController.swift; sourceTree = "<group>"; };
		4E4C9FE6F1541E22E5BB112B /* Pods_DriveLine.framework */ = {isa = PBXFileReference; explicitFileType = wrapper.framework; includeInIndex = 0; path = Pods_DriveLine.framework; sourceTree = BUILT_PRODUCTS_DIR; };
		C41C144CCB8D7FD7854940DB /* Pods-DriveLine.debug.xcconfig */ = {isa = PBXFileReference; includeInIndex = 1; lastKnownFileType = text.xcconfig; name = "Pods-DriveLine.debug.xcconfig"; path = "Pods/Target Support Files/Pods-DriveLine/Pods-DriveLine.debug.xcconfig"; sourceTree = "<group>"; };
/* End PBXFileReference section */

/* Begin PBXFrameworksBuildPhase section */
		1EF5B7991EA4DEE700C16F99 /* Frameworks */ = {
			isa = PBXFrameworksBuildPhase;
			buildActionMask = 2147483647;
			files = (
				B6F8A67094D7EEA579B2B81D /* Pods_DriveLine.framework in Frameworks */,
			);
			runOnlyForDeploymentPostprocessing = 0;
		};
/* End PBXFrameworksBuildPhase section */

/* Begin PBXGroup section */
		000271424262E69116282566 /* Frameworks */ = {
			isa = PBXGroup;
			children = (
				4E4C9FE6F1541E22E5BB112B /* Pods_DriveLine.framework */,
			);
			name = Frameworks;
			sourceTree = "<group>";
		};
		049DB4181F029BDA00060916 /* CameraView */ = {
			isa = PBXGroup;
			children = (
				049DB4191F029BDA00060916 /* AACameraView+Global.swift */,
				049DB41A1F029BDA00060916 /* AACameraView+Helper.swift */,
				049DB41B1F029BDA00060916 /* AACameraView.swift */,
			);
			path = CameraView;
			sourceTree = "<group>";
		};
		04C722321EC3F30E0090C7D9 /* Model */ = {
			isa = PBXGroup;
			children = (
				04C722331EC3F3280090C7D9 /* UserModel.swift */,
			);
			name = Model;
			sourceTree = "<group>";
		};
		1E0D2E1B1EAE436B00401DDA /* Constants */ = {
			isa = PBXGroup;
			children = (
				1E0D2E1C1EAE437C00401DDA /* URLConstant.swift */,
				1E0D2E1E1EAE44A100401DDA /* ResponseConstant.swift */,
			);
			name = Constants;
			sourceTree = "<group>";
		};
		1E4BC9B11EAA81D300386150 /* Extensions */ = {
			isa = PBXGroup;
			children = (
				1E4BC9B21EAA81E800386150 /* DateExtension.swift */,
			);
			name = Extensions;
			sourceTree = "<group>";
		};
		1E4C49FB1EA691E000D8FA92 /* Utils */ = {
			isa = PBXGroup;
			children = (
				1E0D2E191EAE430900401DDA /* WebserviceUtil.swift */,
				1E4C49FC1EA6920200D8FA92 /* PreferenceUtil.swift */,
				1E4C49FD1EA6920200D8FA92 /* UIUtil.swift */,
				1E4C49FE1EA6920200D8FA92 /* ValidationUtil.swift */,
			);
			name = Utils;
			sourceTree = "<group>";
		};
		1EF5B7931EA4DEE700C16F99 = {
			isa = PBXGroup;
			children = (
				1EF5B79E1EA4DEE700C16F99 /* DriveLine */,
				1EF5B79D1EA4DEE700C16F99 /* Products */,
				39FBBD7B51A0E96ABDAAD8F7 /* Pods */,
				000271424262E69116282566 /* Frameworks */,
			);
			sourceTree = "<group>";
		};
		1EF5B79D1EA4DEE700C16F99 /* Products */ = {
			isa = PBXGroup;
			children = (
				1EF5B79C1EA4DEE700C16F99 /* DriveLine.app */,
			);
			name = Products;
			sourceTree = "<group>";
		};
		1EF5B79E1EA4DEE700C16F99 /* DriveLine */ = {
			isa = PBXGroup;
			children = (
				04F0FE511EFC0DEC007BF042 /* TestLocations.gpx */,
				04C722321EC3F30E0090C7D9 /* Model */,
				1E0D2E1B1EAE436B00401DDA /* Constants */,
				1E4BC9B11EAA81D300386150 /* Extensions */,
				1E4C49FB1EA691E000D8FA92 /* Utils */,
				1EF5B7B11EA4F54E00C16F99 /* Storyboards */,
				1EF5B7B21EA4F55800C16F99 /* View Controllers */,
				1EF5B7BC1EA51D6300C16F99 /* Cells */,
				1EF5B7B31EA4F56F00C16F99 /* Supporting Files */,
				1EF5B7A61EA4DEE700C16F99 /* Assets.xcassets */,
				1E4BC9B41EAAA9E400386150 /* Constant.swift */,
			);
			path = DriveLine;
			sourceTree = "<group>";
		};
		1EF5B7B11EA4F54E00C16F99 /* Storyboards */ = {
			isa = PBXGroup;
			children = (
				1EF5B7A31EA4DEE700C16F99 /* Main.storyboard */,
				1EF5B7A81EA4DEE700C16F99 /* LaunchScreen.storyboard */,
			);
			name = Storyboards;
			sourceTree = "<group>";
		};
		1EF5B7B21EA4F55800C16F99 /* View Controllers */ = {
			isa = PBXGroup;
			children = (
				1EF5B7B41EA4F5E800C16F99 /* LoginViewController.swift */,
				1EF5B7B61EA5008F00C16F99 /* RegisterViewController.swift */,
				1EF5B7B81EA51D3800C16F99 /* MyFeedViewController.swift */,
				1EF5B7BD1EA5261200C16F99 /* DriveViewController.swift */,
				1EF5B7BF1EA5262A00C16F99 /* ExploreViewController.swift */,
				1EF5B7C11EA5263800C16F99 /* ProfileViewController.swift */,
				1E3027921EA68D29004B7914 /* CommentsViewController.swift */,
				1E4C4A041EA6A41100D8FA92 /* VideoViewController.swift */,
				1ECFBCB41EA81609003EFBC0 /* SearchResultsViewController.swift */,
				1ECFBCB61EA81CFE003EFBC0 /* DriveDetailViewController.swift */,
				1EF946181EA97763005B3A50 /* AddCarTableViewController.swift */,
				1E02EB8F1EA987B200DD4647 /* DriveMapStartViewController.swift */,
				1E4BC9AF1EAA749900386150 /* SaveDriveTableViewController.swift */,
				04061D401EC6664500E5A1D0 /* EditCarTableViewController.swift */,
			);
			name = "View Controllers";
			sourceTree = "<group>";
		};
		1EF5B7B31EA4F56F00C16F99 /* Supporting Files */ = {
			isa = PBXGroup;
			children = (
				1EF5B79F1EA4DEE700C16F99 /* AppDelegate.swift */,
				1EF5B7AB1EA4DEE700C16F99 /* Info.plist */,
			);
			name = "Supporting Files";
			sourceTree = "<group>";
		};
		1EF5B7BC1EA51D6300C16F99 /* Cells */ = {
			isa = PBXGroup;
			children = (
				04F4C9EB1F1A5EBF00543806 /* Disclaimer.xib */,
				04F4C9EC1F1A5EBF00543806 /* DisclaimerView.swift */,
				049DB4181F029BDA00060916 /* CameraView */,
				1EF5B7BA1EA51D5B00C16F99 /* MyFeedCell.swift */,
				1E4C4A021EA69A9500D8FA92 /* CommentCell.swift */,
				1EA7E5721EB3BEF400C2DCBB /* MyCarCell.swift */,
				04F3906E1EC290EE0070469F /* MyDriveCell.swift */,
				04A130FB1EFF901D00FAB4B1 /* CustomPointAnnotation.swift */,
				0472C7F51F020815000D4314 /* LoginTextField.swift */,
			);
			name = Cells;
			sourceTree = "<group>";
		};
		39FBBD7B51A0E96ABDAAD8F7 /* Pods */ = {
			isa = PBXGroup;
			children = (
				C41C144CCB8D7FD7854940DB /* Pods-DriveLine.debug.xcconfig */,
				00DB8F239DD55D635EC64D7D /* Pods-DriveLine.release.xcconfig */,
			);
			name = Pods;
			sourceTree = "<group>";
		};
/* End PBXGroup section */

/* Begin PBXNativeTarget section */
		1EF5B79B1EA4DEE700C16F99 /* DriveLine */ = {
			isa = PBXNativeTarget;
			buildConfigurationList = 1EF5B7AE1EA4DEE700C16F99 /* Build configuration list for PBXNativeTarget "DriveLine" */;
			buildPhases = (
				30A4D2E94DF50576F1CB1F37 /* [CP] Check Pods Manifest.lock */,
				1EF5B7981EA4DEE700C16F99 /* Sources */,
				1EF5B7991EA4DEE700C16F99 /* Frameworks */,
				1EF5B79A1EA4DEE700C16F99 /* Resources */,
				171FBC674653675120E3D1E2 /* [CP] Embed Pods Frameworks */,
				4060220FCA4413E52468B6F5 /* [CP] Copy Pods Resources */,
			);
			buildRules = (
			);
			dependencies = (
			);
			name = DriveLine;
			productName = DriveLine;
			productReference = 1EF5B79C1EA4DEE700C16F99 /* DriveLine.app */;
			productType = "com.apple.product-type.application";
		};
/* End PBXNativeTarget section */

/* Begin PBXProject section */
		1EF5B7941EA4DEE700C16F99 /* Project object */ = {
			isa = PBXProject;
			attributes = {
				LastSwiftUpdateCheck = 0830;
				LastUpgradeCheck = 0830;
				ORGANIZATIONNAME = "Abdul Wahib";
				TargetAttributes = {
					1EF5B79B1EA4DEE700C16F99 = {
						CreatedOnToolsVersion = 8.3.1;
						DevelopmentTeam = 2EM4J8ZQ8B;
						ProvisioningStyle = Manual;
					};
				};
			};
			buildConfigurationList = 1EF5B7971EA4DEE700C16F99 /* Build configuration list for PBXProject "DriveLine" */;
			compatibilityVersion = "Xcode 3.2";
			developmentRegion = English;
			hasScannedForEncodings = 0;
			knownRegions = (
				en,
				Base,
			);
			mainGroup = 1EF5B7931EA4DEE700C16F99;
			productRefGroup = 1EF5B79D1EA4DEE700C16F99 /* Products */;
			projectDirPath = "";
			projectRoot = "";
			targets = (
				1EF5B79B1EA4DEE700C16F99 /* DriveLine */,
			);
		};
/* End PBXProject section */

/* Begin PBXResourcesBuildPhase section */
		1EF5B79A1EA4DEE700C16F99 /* Resources */ = {
			isa = PBXResourcesBuildPhase;
			buildActionMask = 2147483647;
			files = (
				1EF5B7AA1EA4DEE700C16F99 /* LaunchScreen.storyboard in Resources */,
				1EF5B7A71EA4DEE700C16F99 /* Assets.xcassets in Resources */,
				04F0FE521EFC0DEC007BF042 /* TestLocations.gpx in Resources */,
				04F4C9ED1F1A5EBF00543806 /* Disclaimer.xib in Resources */,
				1EF5B7A51EA4DEE700C16F99 /* Main.storyboard in Resources */,
			);
			runOnlyForDeploymentPostprocessing = 0;
		};
/* End PBXResourcesBuildPhase section */

/* Begin PBXShellScriptBuildPhase section */
		171FBC674653675120E3D1E2 /* [CP] Embed Pods Frameworks */ = {
			isa = PBXShellScriptBuildPhase;
			buildActionMask = 2147483647;
			files = (
			);
			inputPaths = (
			);
			name = "[CP] Embed Pods Frameworks";
			outputPaths = (
			);
			runOnlyForDeploymentPostprocessing = 0;
			shellPath = /bin/sh;
			shellScript = "\"${SRCROOT}/Pods/Target Support Files/Pods-DriveLine/Pods-DriveLine-frameworks.sh\"\n";
		};
		30A4D2E94DF50576F1CB1F37 /* [CP] Check Pods Manifest.lock */ = {
			isa = PBXShellScriptBuildPhase;
			buildActionMask = 2147483647;
			files = (
			);
			inputPaths = (
			);
			name = "[CP] Check Pods Manifest.lock";
			outputPaths = (
			);
			runOnlyForDeploymentPostprocessing = 0;
			shellPath = /bin/sh;
			shellScript = "diff \"${PODS_PODFILE_DIR_PATH}/Podfile.lock\" \"${PODS_ROOT}/Manifest.lock\" > /dev/null\nif [ $? != 0 ] ; then\n    # print error to STDERR\n    echo \"error: The sandbox is not in sync with the Podfile.lock. Run 'pod install' or update your CocoaPods installation.\" >&2\n    exit 1\nfi\n";
		};
		4060220FCA4413E52468B6F5 /* [CP] Copy Pods Resources */ = {
			isa = PBXShellScriptBuildPhase;
			buildActionMask = 2147483647;
			files = (
			);
			inputPaths = (
			);
			name = "[CP] Copy Pods Resources";
			outputPaths = (
			);
			runOnlyForDeploymentPostprocessing = 0;
			shellPath = /bin/sh;
			shellScript = "\"${SRCROOT}/Pods/Target Support Files/Pods-DriveLine/Pods-DriveLine-resources.sh\"\n";
		};
/* End PBXShellScriptBuildPhase section */

/* Begin PBXSourcesBuildPhase section */
		1EF5B7981EA4DEE700C16F99 /* Sources */ = {
			isa = PBXSourcesBuildPhase;
			buildActionMask = 2147483647;
			files = (
				04061D411EC6664500E5A1D0 /* EditCarTableViewController.swift in Sources */,
				1E0D2E1A1EAE430900401DDA /* WebserviceUtil.swift in Sources */,
				049DB41E1F029BDA00060916 /* AACameraView.swift in Sources */,
				1E4C4A031EA69A9500D8FA92 /* CommentCell.swift in Sources */,
				04F3906F1EC290EF0070469F /* MyDriveCell.swift in Sources */,
				1E0D2E1F1EAE44A100401DDA /* ResponseConstant.swift in Sources */,
				049DB41D1F029BDA00060916 /* AACameraView+Helper.swift in Sources */,
				1E4BC9B31EAA81E800386150 /* DateExtension.swift in Sources */,
				1EA7E5731EB3BEF400C2DCBB /* MyCarCell.swift in Sources */,
				1EF5B7B71EA5008F00C16F99 /* RegisterViewController.swift in Sources */,
				1EF5B7B51EA4F5E800C16F99 /* LoginViewController.swift in Sources */,
				049DB41C1F029BDA00060916 /* AACameraView+Global.swift in Sources */,
				0472C7F61F020815000D4314 /* LoginTextField.swift in Sources */,
				1EF5B7B91EA51D3800C16F99 /* MyFeedViewController.swift in Sources */,
				1EF946191EA97763005B3A50 /* AddCarTableViewController.swift in Sources */,
				1ECFBCB51EA81609003EFBC0 /* SearchResultsViewController.swift in Sources */,
				1EF5B7BB1EA51D5B00C16F99 /* MyFeedCell.swift in Sources */,
				1ECFBCB71EA81CFE003EFBC0 /* DriveDetailViewController.swift in Sources */,
				1E4C4A011EA6920200D8FA92 /* ValidationUtil.swift in Sources */,
				1EF5B7A01EA4DEE700C16F99 /* AppDelegate.swift in Sources */,
				1EF5B7C01EA5262A00C16F99 /* ExploreViewController.swift in Sources */,
				04C722341EC3F3280090C7D9 /* UserModel.swift in Sources */,
				1E0D2E1D1EAE437C00401DDA /* URLConstant.swift in Sources */,
				1E4BC9B01EAA749900386150 /* SaveDriveTableViewController.swift in Sources */,
				1E02EB901EA987B200DD4647 /* DriveMapStartViewController.swift in Sources */,
				1E4BC9B51EAAA9E400386150 /* Constant.swift in Sources */,
				1E4C4A051EA6A41100D8FA92 /* VideoViewController.swift in Sources */,
				1EF5B7C21EA5263800C16F99 /* ProfileViewController.swift in Sources */,
				1EF5B7BE1EA5261200C16F99 /* DriveViewController.swift in Sources */,
				1E4C4A001EA6920200D8FA92 /* UIUtil.swift in Sources */,
				1E4C49FF1EA6920200D8FA92 /* PreferenceUtil.swift in Sources */,
				1E3027931EA68D29004B7914 /* CommentsViewController.swift in Sources */,
				04A130FC1EFF901D00FAB4B1 /* CustomPointAnnotation.swift in Sources */,
				04F4C9EE1F1A5EBF00543806 /* DisclaimerView.swift in Sources */,
			);
			runOnlyForDeploymentPostprocessing = 0;
		};
/* End PBXSourcesBuildPhase section */

/* Begin PBXVariantGroup section */
		1EF5B7A31EA4DEE700C16F99 /* Main.storyboard */ = {
			isa = PBXVariantGroup;
			children = (
				1EF5B7A41EA4DEE700C16F99 /* Base */,
			);
			name = Main.storyboard;
			sourceTree = "<group>";
		};
		1EF5B7A81EA4DEE700C16F99 /* LaunchScreen.storyboard */ = {
			isa = PBXVariantGroup;
			children = (
				1EF5B7A91EA4DEE700C16F99 /* Base */,
			);
			name = LaunchScreen.storyboard;
			sourceTree = "<group>";
		};
/* End PBXVariantGroup section */

/* Begin XCBuildConfiguration section */
		1EF5B7AC1EA4DEE700C16F99 /* Debug */ = {
			isa = XCBuildConfiguration;
			buildSettings = {
				ALWAYS_SEARCH_USER_PATHS = NO;
				CLANG_ANALYZER_NONNULL = YES;
				CLANG_ANALYZER_NUMBER_OBJECT_CONVERSION = YES_AGGRESSIVE;
				CLANG_CXX_LANGUAGE_STANDARD = "gnu++0x";
				CLANG_CXX_LIBRARY = "libc++";
				CLANG_ENABLE_MODULES = YES;
				CLANG_ENABLE_OBJC_ARC = YES;
				CLANG_WARN_BOOL_CONVERSION = YES;
				CLANG_WARN_CONSTANT_CONVERSION = YES;
				CLANG_WARN_DIRECT_OBJC_ISA_USAGE = YES_ERROR;
				CLANG_WARN_DOCUMENTATION_COMMENTS = YES;
				CLANG_WARN_EMPTY_BODY = YES;
				CLANG_WARN_ENUM_CONVERSION = YES;
				CLANG_WARN_INFINITE_RECURSION = YES;
				CLANG_WARN_INT_CONVERSION = YES;
				CLANG_WARN_OBJC_ROOT_CLASS = YES_ERROR;
				CLANG_WARN_SUSPICIOUS_MOVE = YES;
				CLANG_WARN_UNREACHABLE_CODE = YES;
				CLANG_WARN__DUPLICATE_METHOD_MATCH = YES;
				"CODE_SIGN_IDENTITY[sdk=iphoneos*]" = "iPhone Developer";
				COPY_PHASE_STRIP = NO;
				DEBUG_INFORMATION_FORMAT = dwarf;
				ENABLE_STRICT_OBJC_MSGSEND = YES;
				ENABLE_TESTABILITY = YES;
				GCC_C_LANGUAGE_STANDARD = gnu99;
				GCC_DYNAMIC_NO_PIC = NO;
				GCC_NO_COMMON_BLOCKS = YES;
				GCC_OPTIMIZATION_LEVEL = 0;
				GCC_PREPROCESSOR_DEFINITIONS = (
					"DEBUG=1",
					"$(inherited)",
				);
				GCC_WARN_64_TO_32_BIT_CONVERSION = YES;
				GCC_WARN_ABOUT_RETURN_TYPE = YES_ERROR;
				GCC_WARN_UNDECLARED_SELECTOR = YES;
				GCC_WARN_UNINITIALIZED_AUTOS = YES_AGGRESSIVE;
				GCC_WARN_UNUSED_FUNCTION = YES;
				GCC_WARN_UNUSED_VARIABLE = YES;
				IPHONEOS_DEPLOYMENT_TARGET = 10.3;
				MTL_ENABLE_DEBUG_INFO = YES;
				ONLY_ACTIVE_ARCH = YES;
				SDKROOT = iphoneos;
				SWIFT_ACTIVE_COMPILATION_CONDITIONS = DEBUG;
				SWIFT_OPTIMIZATION_LEVEL = "-Onone";
			};
			name = Debug;
		};
		1EF5B7AD1EA4DEE700C16F99 /* Release */ = {
			isa = XCBuildConfiguration;
			buildSettings = {
				ALWAYS_SEARCH_USER_PATHS = NO;
				CLANG_ANALYZER_NONNULL = YES;
				CLANG_ANALYZER_NUMBER_OBJECT_CONVERSION = YES_AGGRESSIVE;
				CLANG_CXX_LANGUAGE_STANDARD = "gnu++0x";
				CLANG_CXX_LIBRARY = "libc++";
				CLANG_ENABLE_MODULES = YES;
				CLANG_ENABLE_OBJC_ARC = YES;
				CLANG_WARN_BOOL_CONVERSION = YES;
				CLANG_WARN_CONSTANT_CONVERSION = YES;
				CLANG_WARN_DIRECT_OBJC_ISA_USAGE = YES_ERROR;
				CLANG_WARN_DOCUMENTATION_COMMENTS = YES;
				CLANG_WARN_EMPTY_BODY = YES;
				CLANG_WARN_ENUM_CONVERSION = YES;
				CLANG_WARN_INFINITE_RECURSION = YES;
				CLANG_WARN_INT_CONVERSION = YES;
				CLANG_WARN_OBJC_ROOT_CLASS = YES_ERROR;
				CLANG_WARN_SUSPICIOUS_MOVE = YES;
				CLANG_WARN_UNREACHABLE_CODE = YES;
				CLANG_WARN__DUPLICATE_METHOD_MATCH = YES;
				"CODE_SIGN_IDENTITY[sdk=iphoneos*]" = "iPhone Developer";
				COPY_PHASE_STRIP = NO;
				DEBUG_INFORMATION_FORMAT = "dwarf-with-dsym";
				ENABLE_NS_ASSERTIONS = NO;
				ENABLE_STRICT_OBJC_MSGSEND = YES;
				GCC_C_LANGUAGE_STANDARD = gnu99;
				GCC_NO_COMMON_BLOCKS = YES;
				GCC_WARN_64_TO_32_BIT_CONVERSION = YES;
				GCC_WARN_ABOUT_RETURN_TYPE = YES_ERROR;
				GCC_WARN_UNDECLARED_SELECTOR = YES;
				GCC_WARN_UNINITIALIZED_AUTOS = YES_AGGRESSIVE;
				GCC_WARN_UNUSED_FUNCTION = YES;
				GCC_WARN_UNUSED_VARIABLE = YES;
				IPHONEOS_DEPLOYMENT_TARGET = 10.3;
				MTL_ENABLE_DEBUG_INFO = NO;
				SDKROOT = iphoneos;
				SWIFT_OPTIMIZATION_LEVEL = "-Owholemodule";
				VALIDATE_PRODUCT = YES;
			};
			name = Release;
		};
		1EF5B7AF1EA4DEE700C16F99 /* Debug */ = {
			isa = XCBuildConfiguration;
			baseConfigurationReference = C41C144CCB8D7FD7854940DB /* Pods-DriveLine.debug.xcconfig */;
			buildSettings = {
				ALWAYS_EMBED_SWIFT_STANDARD_LIBRARIES = YES;
				ASSETCATALOG_COMPILER_APPICON_NAME = AppIcon;
				"CODE_SIGN_IDENTITY[sdk=iphoneos*]" = "iPhone Developer";
				DEVELOPMENT_TEAM = 2EM4J8ZQ8B;
				INFOPLIST_FILE = DriveLine/Info.plist;
				IPHONEOS_DEPLOYMENT_TARGET = 8.0;
				LD_RUNPATH_SEARCH_PATHS = "$(inherited) @executable_path/Frameworks";
				PRODUCT_BUNDLE_IDENTIFIER = com.driveline.ios;
				PRODUCT_NAME = "$(TARGET_NAME)";
				PROVISIONING_PROFILE = "b1903321-b69a-4213-aa33-adeb11c88c06";
				PROVISIONING_PROFILE_SPECIFIER = DriveLine_508;
				SWIFT_VERSION = 3.0;
			};
			name = Debug;
		};
		1EF5B7B01EA4DEE700C16F99 /* Release */ = {
			isa = XCBuildConfiguration;
			baseConfigurationReference = 00DB8F239DD55D635EC64D7D /* Pods-DriveLine.release.xcconfig */;
			buildSettings = {
				ALWAYS_EMBED_SWIFT_STANDARD_LIBRARIES = YES;
				ASSETCATALOG_COMPILER_APPICON_NAME = AppIcon;
				"CODE_SIGN_IDENTITY[sdk=iphoneos*]" = "iPhone Developer";
				DEVELOPMENT_TEAM = 2EM4J8ZQ8B;
				INFOPLIST_FILE = DriveLine/Info.plist;
				IPHONEOS_DEPLOYMENT_TARGET = 8.0;
				LD_RUNPATH_SEARCH_PATHS = "$(inherited) @executable_path/Frameworks";
				PRODUCT_BUNDLE_IDENTIFIER = com.driveline.ios;
				PRODUCT_NAME = "$(TARGET_NAME)";
				PROVISIONING_PROFILE = "b1903321-b69a-4213-aa33-adeb11c88c06";
				PROVISIONING_PROFILE_SPECIFIER = DriveLine_508;
				SWIFT_VERSION = 3.0;
			};
			name = Release;
		};
/* End XCBuildConfiguration section */

/* Begin XCConfigurationList section */
		1EF5B7971EA4DEE700C16F99 /* Build configuration list for PBXProject "DriveLine" */ = {
			isa = XCConfigurationList;
			buildConfigurations = (
				1EF5B7AC1EA4DEE700C16F99 /* Debug */,
				1EF5B7AD1EA4DEE700C16F99 /* Release */,
			);
			defaultConfigurationIsVisible = 0;
			defaultConfigurationName = Release;
		};
		1EF5B7AE1EA4DEE700C16F99 /* Build configuration list for PBXNativeTarget "DriveLine" */ = {
			isa = XCConfigurationList;
			buildConfigurations = (
				1EF5B7AF1EA4DEE700C16F99 /* Debug */,
				1EF5B7B01EA4DEE700C16F99 /* Release */,
			);
			defaultConfigurationIsVisible = 0;
			defaultConfigurationName = Release;
		};
/* End XCConfigurationList section */
	};
	rootObject = 1EF5B7941EA4DEE700C16F99 /* Project object */;
}
